
Microsoft Visual Studio Solution File, Format Version 12.00
# Visual Studio Version 16
VisualStudioVersion = 16.0.30804.86
MinimumVisualStudioVersion = 10.0.40219.1
Project("{9A19103F-16F7-4668-BE54-9A1E7A4F7556}") = "WebApiAddCarAsync", "WebApiAddCarAsync\WebApiAddCarAsync.csproj", "{4380E397-5877-4F86-9C84-9A089D4C5840}"
EndProject
Project("{FAE04EC0-301F-11D3-BF4B-00C04F79EFBC}") = "UICarManager", "UICarManager\UICarManager.csproj", "{02ABFF46-F84E-4D2C-99CA-98F9086A8E23}"
EndProject
Project("{FAE04EC0-301F-11D3-BF4B-00C04F79EFBC}") = "AppService", "Application.Service\AppService.csproj", "{86D83535-15F3-441B-83F1-031A989E080C}"
EndProject
Global
	GlobalSection(SolutionConfigurationPlatforms) = preSolution
		Debug|Any CPU = Debug|Any CPU
		Release|Any CPU = Release|Any CPU
	EndGlobalSection
	GlobalSection(ProjectConfigurationPlatforms) = postSolution
		{4380E397-5877-4F86-9C84-9A089D4C5840}.Debug|Any CPU.ActiveCfg = Debug|Any CPU
		{4380E397-5877-4F86-9C84-9A089D4C5840}.Debug|Any CPU.Build.0 = Debug|Any CPU
		{4380E397-5877-4F86-9C84-9A089D4C5840}.Release|Any CPU.ActiveCfg = Release|Any CPU
		{4380E397-5877-4F86-9C84-9A089D4C5840}.Release|Any CPU.Build.0 = Release|Any CPU
		{02ABFF46-F84E-4D2C-99CA-98F9086A8E23}.Debug|Any CPU.ActiveCfg = Debug|Any CPU
		{02ABFF46-F84E-4D2C-99CA-98F9086A8E23}.Debug|Any CPU.Build.0 = Debug|Any CPU
		{02ABFF46-F84E-4D2C-99CA-98F9086A8E23}.Release|Any CPU.ActiveCfg = Release|Any CPU
		{02ABFF46-F84E-4D2C-99CA-98F9086A8E23}.Release|Any CPU.Build.0 = Release|Any CPU
		{86D83535-15F3-441B-83F1-031A989E080C}.Debug|Any CPU.ActiveCfg = Debug|Any CPU
		{86D83535-15F3-441B-83F1-031A989E080C}.Debug|Any CPU.Build.0 = Debug|Any CPU
		{86D83535-15F3-441B-83F1-031A989E080C}.Release|Any CPU.ActiveCfg = Release|Any CPU
		{86D83535-15F3-441B-83F1-031A989E080C}.Release|Any CPU.Build.0 = Release|Any CPU
	EndGlobalSection
	GlobalSection(SolutionProperties) = preSolution
		HideSolutionNode = FALSE
	EndGlobalSection
	GlobalSection(ExtensibilityGlobals) = postSolution
		SolutionGuid = {92637EB5-9BA6-4681-94E3-F46B970EC5BA}
	EndGlobalSection
EndGlobal
